
Microsoft Visual Studio Solution File, Format Version 12.00
# Visual Studio Version 17
VisualStudioVersion = 17.1.32228.430
MinimumVisualStudioVersion = 10.0.40219.1
Project("{FAE04EC0-301F-11D3-BF4B-00C04F79EFBC}") = "GroupCoursework", "GroupCoursework\GroupCoursework.csproj", "{5DA6F4DF-8CCA-4C1A-B393-BAF93F8C503D}"
EndProject
Global
	GlobalSection(SolutionConfigurationPlatforms) = preSolution
		Debug|Any CPU = Debug|Any CPU
		Release|Any CPU = Release|Any CPU
	EndGlobalSection
	GlobalSection(ProjectConfigurationPlatforms) = postSolution
		{5DA6F4DF-8CCA-4C1A-B393-BAF93F8C503D}.Debug|Any CPU.ActiveCfg = Debug|Any CPU
		{5DA6F4DF-8CCA-4C1A-B393-BAF93F8C503D}.Debug|Any CPU.Build.0 = Debug|Any CPU
		{5DA6F4DF-8CCA-4C1A-B393-BAF93F8C503D}.Release|Any CPU.ActiveCfg = Release|Any CPU
		{5DA6F4DF-8CCA-4C1A-B393-BAF93F8C503D}.Release|Any CPU.Build.0 = Release|Any CPU
	EndGlobalSection
	GlobalSection(SolutionProperties) = preSolution
		HideSolutionNode = FALSE
	EndGlobalSection
	GlobalSection(ExtensibilityGlobals) = postSolution
		SolutionGuid = {D08C2CE0-1C88-472D-9509-C814D2A8DD8C}
	EndGlobalSection
EndGlobal
